
Microsoft Visual Studio Solution File, Format Version 12.00
# Visual Studio Version 16
VisualStudioVersion = 16.0.30711.63
MinimumVisualStudioVersion = 10.0.40219.1
Project("{FAE04EC0-301F-11D3-BF4B-00C04F79EFBC}") = "RingdahlJonahHomework08", "RingdahlJonahHomework08\RingdahlJonahHomework08.csproj", "{1BA9AEE5-341E-453E-89C5-1F1E461F4A60}"
EndProject
Global
	GlobalSection(SolutionConfigurationPlatforms) = preSolution
		Debug|Any CPU = Debug|Any CPU
		Release|Any CPU = Release|Any CPU
	EndGlobalSection
	GlobalSection(ProjectConfigurationPlatforms) = postSolution
		{1BA9AEE5-341E-453E-89C5-1F1E461F4A60}.Debug|Any CPU.ActiveCfg = Debug|Any CPU
		{1BA9AEE5-341E-453E-89C5-1F1E461F4A60}.Debug|Any CPU.Build.0 = Debug|Any CPU
		{1BA9AEE5-341E-453E-89C5-1F1E461F4A60}.Release|Any CPU.ActiveCfg = Release|Any CPU
		{1BA9AEE5-341E-453E-89C5-1F1E461F4A60}.Release|Any CPU.Build.0 = Release|Any CPU
	EndGlobalSection
	GlobalSection(SolutionProperties) = preSolution
		HideSolutionNode = FALSE
	EndGlobalSection
	GlobalSection(ExtensibilityGlobals) = postSolution
		SolutionGuid = {171031FD-871A-4315-B719-B08AB511D4D5}
	EndGlobalSection
EndGlobal
