
Microsoft Visual Studio Solution File, Format Version 12.00
# Visual Studio Version 17
VisualStudioVersion = 17.0.31521.260
MinimumVisualStudioVersion = 10.0.40219.1
Project("{FAE04EC0-301F-11D3-BF4B-00C04F79EFBC}") = "ReportCardGenerator", "ReportCardGenerator.csproj", "{5D3DA243-4270-4B5A-B703-C27DF1AC4F3E}"
EndProject
Global
	GlobalSection(SolutionConfigurationPlatforms) = preSolution
		Debug|Any CPU = Debug|Any CPU
		Release|Any CPU = Release|Any CPU
	EndGlobalSection
	GlobalSection(ProjectConfigurationPlatforms) = postSolution
		{5D3DA243-4270-4B5A-B703-C27DF1AC4F3E}.Debug|Any CPU.ActiveCfg = Debug|Any CPU
		{5D3DA243-4270-4B5A-B703-C27DF1AC4F3E}.Debug|Any CPU.Build.0 = Debug|Any CPU
		{5D3DA243-4270-4B5A-B703-C27DF1AC4F3E}.Release|Any CPU.ActiveCfg = Release|Any CPU
		{5D3DA243-4270-4B5A-B703-C27DF1AC4F3E}.Release|Any CPU.Build.0 = Release|Any CPU
	EndGlobalSection
	GlobalSection(SolutionProperties) = preSolution
		HideSolutionNode = FALSE
	EndGlobalSection
	GlobalSection(ExtensibilityGlobals) = postSolution
		SolutionGuid = {4F76763C-9858-499A-96B3-2CC21491CC0F}
	EndGlobalSection
EndGlobal
